
Microsoft Visual Studio Solution File, Format Version 12.00
# Visual Studio Version 16
VisualStudioVersion = 16.0.31112.23
MinimumVisualStudioVersion = 10.0.40219.1
Project("{FAE04EC0-301F-11D3-BF4B-00C04F79EFBC}") = "Homework5", "Homework5\Homework5.csproj", "{1B58D3D6-C698-4E49-A641-526D09C6375A}"
EndProject
Global
	GlobalSection(SolutionConfigurationPlatforms) = preSolution
		Debug|Any CPU = Debug|Any CPU
		Release|Any CPU = Release|Any CPU
	EndGlobalSection
	GlobalSection(ProjectConfigurationPlatforms) = postSolution
		{1B58D3D6-C698-4E49-A641-526D09C6375A}.Debug|Any CPU.ActiveCfg = Debug|Any CPU
		{1B58D3D6-C698-4E49-A641-526D09C6375A}.Debug|Any CPU.Build.0 = Debug|Any CPU
		{1B58D3D6-C698-4E49-A641-526D09C6375A}.Release|Any CPU.ActiveCfg = Release|Any CPU
		{1B58D3D6-C698-4E49-A641-526D09C6375A}.Release|Any CPU.Build.0 = Release|Any CPU
	EndGlobalSection
	GlobalSection(SolutionProperties) = preSolution
		HideSolutionNode = FALSE
	EndGlobalSection
	GlobalSection(ExtensibilityGlobals) = postSolution
		SolutionGuid = {114C9C64-DF7B-493D-8DBD-019BED7F624D}
	EndGlobalSection
EndGlobal
