
Microsoft Visual Studio Solution File, Format Version 12.00
# Visual Studio Version 16
VisualStudioVersion = 16.0.30114.105
MinimumVisualStudioVersion = 10.0.40219.1
Project("{FAE04EC0-301F-11D3-BF4B-00C04F79EFBC}") = "Calculator_ConsoleApp", "Calculator_ConsoleApp\Calculator_ConsoleApp.csproj", "{F0FD519D-ADB8-4BC6-A142-8B978724AD18}"
EndProject
Project("{FAE04EC0-301F-11D3-BF4B-00C04F79EFBC}") = "Calculator_WindowsFormsApp", "Calculator_WindowsFormsApp\Calculator_WindowsFormsApp.csproj", "{F63B1853-CFAD-4B4E-86D3-6DC6FA84F83F}"
EndProject
Global
	GlobalSection(SolutionConfigurationPlatforms) = preSolution
		Debug|Any CPU = Debug|Any CPU
		Release|Any CPU = Release|Any CPU
	EndGlobalSection
	GlobalSection(ProjectConfigurationPlatforms) = postSolution
		{F0FD519D-ADB8-4BC6-A142-8B978724AD18}.Debug|Any CPU.ActiveCfg = Debug|Any CPU
		{F0FD519D-ADB8-4BC6-A142-8B978724AD18}.Debug|Any CPU.Build.0 = Debug|Any CPU
		{F0FD519D-ADB8-4BC6-A142-8B978724AD18}.Release|Any CPU.ActiveCfg = Release|Any CPU
		{F0FD519D-ADB8-4BC6-A142-8B978724AD18}.Release|Any CPU.Build.0 = Release|Any CPU
		{F63B1853-CFAD-4B4E-86D3-6DC6FA84F83F}.Debug|Any CPU.ActiveCfg = Debug|Any CPU
		{F63B1853-CFAD-4B4E-86D3-6DC6FA84F83F}.Debug|Any CPU.Build.0 = Debug|Any CPU
		{F63B1853-CFAD-4B4E-86D3-6DC6FA84F83F}.Release|Any CPU.ActiveCfg = Release|Any CPU
		{F63B1853-CFAD-4B4E-86D3-6DC6FA84F83F}.Release|Any CPU.Build.0 = Release|Any CPU
	EndGlobalSection
	GlobalSection(SolutionProperties) = preSolution
		HideSolutionNode = FALSE
	EndGlobalSection
	GlobalSection(ExtensibilityGlobals) = postSolution
		SolutionGuid = {4ADCAFDB-7904-4E08-9144-E52F1A1D8437}
	EndGlobalSection
EndGlobal
