
Microsoft Visual Studio Solution File, Format Version 12.00
# Visual Studio Version 16
VisualStudioVersion = 16.0.30114.105
MinimumVisualStudioVersion = 10.0.40219.1
Project("{FAE04EC0-301F-11D3-BF4B-00C04F79EFBC}") = "Calculator", "Calculator.csproj", "{9DD6C767-96CF-46D3-8E6B-34FB36BDC84A}"
EndProject
Project("{FAE04EC0-301F-11D3-BF4B-00C04F79EFBC}") = "WindowsFormsApp1", "..\WindowsFormsApp1\WindowsFormsApp1.csproj", "{4B2CD413-8908-4A02-98FB-8265163F7281}"
EndProject
Global
	GlobalSection(SolutionConfigurationPlatforms) = preSolution
		Debug|Any CPU = Debug|Any CPU
		Release|Any CPU = Release|Any CPU
	EndGlobalSection
	GlobalSection(ProjectConfigurationPlatforms) = postSolution
		{9DD6C767-96CF-46D3-8E6B-34FB36BDC84A}.Debug|Any CPU.ActiveCfg = Debug|Any CPU
		{9DD6C767-96CF-46D3-8E6B-34FB36BDC84A}.Debug|Any CPU.Build.0 = Debug|Any CPU
		{9DD6C767-96CF-46D3-8E6B-34FB36BDC84A}.Release|Any CPU.ActiveCfg = Release|Any CPU
		{9DD6C767-96CF-46D3-8E6B-34FB36BDC84A}.Release|Any CPU.Build.0 = Release|Any CPU
		{4B2CD413-8908-4A02-98FB-8265163F7281}.Debug|Any CPU.ActiveCfg = Debug|Any CPU
		{4B2CD413-8908-4A02-98FB-8265163F7281}.Debug|Any CPU.Build.0 = Debug|Any CPU
		{4B2CD413-8908-4A02-98FB-8265163F7281}.Release|Any CPU.ActiveCfg = Release|Any CPU
		{4B2CD413-8908-4A02-98FB-8265163F7281}.Release|Any CPU.Build.0 = Release|Any CPU
	EndGlobalSection
	GlobalSection(SolutionProperties) = preSolution
		HideSolutionNode = FALSE
	EndGlobalSection
	GlobalSection(ExtensibilityGlobals) = postSolution
		SolutionGuid = {3BAE9AB3-5225-472F-9DA5-0F3F54079810}
	EndGlobalSection
EndGlobal
