
Microsoft Visual Studio Solution File, Format Version 12.00
# Visual Studio Version 16
VisualStudioVersion = 16.0.31112.23
MinimumVisualStudioVersion = 10.0.40219.1
Project("{FAE04EC0-301F-11D3-BF4B-00C04F79EFBC}") = "Homework6", "Homework6\Homework6.csproj", "{71EBB4B0-97F0-41DC-8595-7074148D8F81}"
EndProject
Project("{FAE04EC0-301F-11D3-BF4B-00C04F79EFBC}") = "Homework6Tests", "Homework6Tests\Homework6Tests.csproj", "{511A2CD8-C11A-4CB8-AB4D-37C1F72F1AA6}"
EndProject
Global
	GlobalSection(SolutionConfigurationPlatforms) = preSolution
		Debug|Any CPU = Debug|Any CPU
		Release|Any CPU = Release|Any CPU
	EndGlobalSection
	GlobalSection(ProjectConfigurationPlatforms) = postSolution
		{71EBB4B0-97F0-41DC-8595-7074148D8F81}.Debug|Any CPU.ActiveCfg = Debug|Any CPU
		{71EBB4B0-97F0-41DC-8595-7074148D8F81}.Debug|Any CPU.Build.0 = Debug|Any CPU
		{71EBB4B0-97F0-41DC-8595-7074148D8F81}.Release|Any CPU.ActiveCfg = Release|Any CPU
		{71EBB4B0-97F0-41DC-8595-7074148D8F81}.Release|Any CPU.Build.0 = Release|Any CPU
		{511A2CD8-C11A-4CB8-AB4D-37C1F72F1AA6}.Debug|Any CPU.ActiveCfg = Debug|Any CPU
		{511A2CD8-C11A-4CB8-AB4D-37C1F72F1AA6}.Debug|Any CPU.Build.0 = Debug|Any CPU
		{511A2CD8-C11A-4CB8-AB4D-37C1F72F1AA6}.Release|Any CPU.ActiveCfg = Release|Any CPU
		{511A2CD8-C11A-4CB8-AB4D-37C1F72F1AA6}.Release|Any CPU.Build.0 = Release|Any CPU
	EndGlobalSection
	GlobalSection(SolutionProperties) = preSolution
		HideSolutionNode = FALSE
	EndGlobalSection
	GlobalSection(ExtensibilityGlobals) = postSolution
		SolutionGuid = {D1BE02DA-4A15-4725-8A8D-FDD156274A5E}
	EndGlobalSection
EndGlobal
